// !$*UTF8*$!
{
	archiveVersion = 1;
	classes = {
	};
	objectVersion = 46;
	objects = {

/* Begin PBXBuildFile section */
		10B985A86072CDBA1045907B /* libPods-JVFloatingDrawer.a in Frameworks */ = {isa = PBXBuildFile; fileRef = A99CBCB0955D3152FFCA29DB /* libPods-JVFloatingDrawer.a */; };
		2CE7E6631A62D8470072121A /* main.m in Sources */ = {isa = PBXBuildFile; fileRef = 2CE7E6621A62D8470072121A /* main.m */; };
		2CE7E6661A62D8470072121A /* AppDelegate.m in Sources */ = {isa = PBXBuildFile; fileRef = 2CE7E6651A62D8470072121A /* AppDelegate.m */; };
		2CE7E66C1A62D8470072121A /* Drawers.storyboard in Resources */ = {isa = PBXBuildFile; fileRef = 2CE7E66A1A62D8470072121A /* Drawers.storyboard */; };
		2CE7E66E1A62D8470072121A /* Images.xcassets in Resources */ = {isa = PBXBuildFile; fileRef = 2CE7E66D1A62D8470072121A /* Images.xcassets */; };
		2CE7E6711A62D8470072121A /* LaunchScreen.xib in Resources */ = {isa = PBXBuildFile; fileRef = 2CE7E66F1A62D8470072121A /* LaunchScreen.xib */; };
		2CE7E67D1A62D8480072121A /* JVFloatingDrawerTests.m in Sources */ = {isa = PBXBuildFile; fileRef = 2CE7E67C1A62D8480072121A /* JVFloatingDrawerTests.m */; };
		2CE7E6A01A636CBD0072121A /* JVGitHubViewController.m in Sources */ = {isa = PBXBuildFile; fileRef = 2CE7E69F1A636CBD0072121A /* JVGitHubViewController.m */; };
		9C8841BB0C583D5E61D80A4E /* libPods-JVFloatingDrawerTests.a in Frameworks */ = {isa = PBXBuildFile; fileRef = 225393A6ADE627876AF04BE1 /* libPods-JVFloatingDrawerTests.a */; };
		B9352DD91A6AE74E008D3B4E /* JVFloatingDrawer.podspec in Resources */ = {isa = PBXBuildFile; fileRef = B9352DD61A6AE74E008D3B4E /* JVFloatingDrawer.podspec */; };
		B9352DDA1A6AE74E008D3B4E /* LICENSE in Resources */ = {isa = PBXBuildFile; fileRef = B9352DD71A6AE74E008D3B4E /* LICENSE */; };
		B9352DDB1A6AE74E008D3B4E /* README.md in Sources */ = {isa = PBXBuildFile; fileRef = B9352DD81A6AE74E008D3B4E /* README.md */; };
		B9E746E41A684DC800C5163E /* JVLeftDrawerTableViewController.m in Sources */ = {isa = PBXBuildFile; fileRef = B9E746E31A684DC800C5163E /* JVLeftDrawerTableViewController.m */; };
		B9E746EB1A684E4000C5163E /* JVDrawerSettingsTableViewController.m in Sources */ = {isa = PBXBuildFile; fileRef = B9E746E91A684E4000C5163E /* JVDrawerSettingsTableViewController.m */; };
		B9E746FB1A68959100C5163E /* JVLeftDrawerTableViewCell.m in Sources */ = {isa = PBXBuildFile; fileRef = B9E746FA1A68959100C5163E /* JVLeftDrawerTableViewCell.m */; };
/* End PBXBuildFile section */

/* Begin PBXContainerItemProxy section */
		2CE7E6771A62D8470072121A /* PBXContainerItemProxy */ = {
			isa = PBXContainerItemProxy;
			containerPortal = 2CE7E6551A62D8470072121A /* Project object */;
			proxyType = 1;
			remoteGlobalIDString = 2CE7E65C1A62D8470072121A;
			remoteInfo = JVFloatingDrawer;
		};
/* End PBXContainerItemProxy section */

/* Begin PBXFileReference section */
		0B650F2DCB40F4B77A470141 /* Pods-JVFloatingDrawerTests.debug.xcconfig */ = {isa = PBXFileReference; includeInIndex = 1; lastKnownFileType = text.xcconfig; name = "Pods-JVFloatingDrawerTests.debug.xcconfig"; path = "Pods/Target Support Files/Pods-JVFloatingDrawerTests/Pods-JVFloatingDrawerTests.debug.xcconfig"; sourceTree = "<group>"; };
		225393A6ADE627876AF04BE1 /* libPods-JVFloatingDrawerTests.a */ = {isa = PBXFileReference; explicitFileType = archive.ar; includeInIndex = 0; path = "libPods-JVFloatingDrawerTests.a"; sourceTree = BUILT_PRODUCTS_DIR; };
		2CE7E65D1A62D8470072121A /* JVFloatingDrawer.app */ = {isa = PBXFileReference; explicitFileType = wrapper.application; includeInIndex = 0; path = JVFloatingDrawer.app; sourceTree = BUILT_PRODUCTS_DIR; };
		2CE7E6611A62D8470072121A /* Info.plist */ = {isa = PBXFileReference; lastKnownFileType = text.plist.xml; path = Info.plist; sourceTree = "<group>"; };
		2CE7E6621A62D8470072121A /* main.m */ = {isa = PBXFileReference; lastKnownFileType = sourcecode.c.objc; path = main.m; sourceTree = "<group>"; };
		2CE7E6641A62D8470072121A /* AppDelegate.h */ = {isa = PBXFileReference; lastKnownFileType = sourcecode.c.h; path = AppDelegate.h; sourceTree = "<group>"; };
		2CE7E6651A62D8470072121A /* AppDelegate.m */ = {isa = PBXFileReference; lastKnownFileType = sourcecode.c.objc; path = AppDelegate.m; sourceTree = "<group>"; };
		2CE7E66B1A62D8470072121A /* Base */ = {isa = PBXFileReference; lastKnownFileType = file.storyboard; name = Base; path = Base.lproj/Drawers.storyboard; sourceTree = "<group>"; };
		2CE7E66D1A62D8470072121A /* Images.xcassets */ = {isa = PBXFileReference; lastKnownFileType = folder.assetcatalog; path = Images.xcassets; sourceTree = "<group>"; };
		2CE7E6701A62D8470072121A /* Base */ = {isa = PBXFileReference; lastKnownFileType = file.xib; name = Base; path = Base.lproj/LaunchScreen.xib; sourceTree = "<group>"; };
		2CE7E6761A62D8470072121A /* JVFloatingDrawerTests.xctest */ = {isa = PBXFileReference; explicitFileType = wrapper.cfbundle; includeInIndex = 0; path = JVFloatingDrawerTests.xctest; sourceTree = BUILT_PRODUCTS_DIR; };
		2CE7E67B1A62D8480072121A /* Info.plist */ = {isa = PBXFileReference; lastKnownFileType = text.plist.xml; path = Info.plist; sourceTree = "<group>"; };
		2CE7E67C1A62D8480072121A /* JVFloatingDrawerTests.m */ = {isa = PBXFileReference; lastKnownFileType = sourcecode.c.objc; path = JVFloatingDrawerTests.m; sourceTree = "<group>"; };
		2CE7E69E1A636CBD0072121A /* JVGitHubViewController.h */ = {isa = PBXFileReference; fileEncoding = 4; lastKnownFileType = sourcecode.c.h; path = JVGitHubViewController.h; sourceTree = "<group>"; };
		2CE7E69F1A636CBD0072121A /* JVGitHubViewController.m */ = {isa = PBXFileReference; fileEncoding = 4; lastKnownFileType = sourcecode.c.objc; path = JVGitHubViewController.m; sourceTree = "<group>"; };
		4253C21B91BC9E176E687842 /* Pods-JVFloatingDrawer.debug.xcconfig */ = {isa = PBXFileReference; includeInIndex = 1; lastKnownFileType = text.xcconfig; name = "Pods-JVFloatingDrawer.debug.xcconfig"; path = "Pods/Target Support Files/Pods-JVFloatingDrawer/Pods-JVFloatingDrawer.debug.xcconfig"; sourceTree = "<group>"; };
		43B9557D1EFD5CCA2211B8B7 /* Pods-JVFloatingDrawerTests.release.xcconfig */ = {isa = PBXFileReference; includeInIndex = 1; lastKnownFileType = text.xcconfig; name = "Pods-JVFloatingDrawerTests.release.xcconfig"; path = "Pods/Target Support Files/Pods-JVFloatingDrawerTests/Pods-JVFloatingDrawerTests.release.xcconfig"; sourceTree = "<group>"; };
		A99CBCB0955D3152FFCA29DB /* libPods-JVFloatingDrawer.a */ = {isa = PBXFileReference; explicitFileType = archive.ar; includeInIndex = 0; path = "libPods-JVFloatingDrawer.a"; sourceTree = BUILT_PRODUCTS_DIR; };
		B9352DD61A6AE74E008D3B4E /* JVFloatingDrawer.podspec */ = {isa = PBXFileReference; fileEncoding = 4; lastKnownFileType = text; name = JVFloatingDrawer.podspec; path = ../JVFloatingDrawer.podspec; sourceTree = "<group>"; };
		B9352DD71A6AE74E008D3B4E /* LICENSE */ = {isa = PBXFileReference; fileEncoding = 4; lastKnownFileType = text; name = LICENSE; path = ../LICENSE; sourceTree = "<group>"; };
		B9352DD81A6AE74E008D3B4E /* README.md */ = {isa = PBXFileReference; fileEncoding = 4; lastKnownFileType = net.daringfireball.markdown; name = README.md; path = ../README.md; sourceTree = "<group>"; };
		B9E746E21A684DC800C5163E /* JVLeftDrawerTableViewController.h */ = {isa = PBXFileReference; fileEncoding = 4; lastKnownFileType = sourcecode.c.h; path = JVLeftDrawerTableViewController.h; sourceTree = "<group>"; };
		B9E746E31A684DC800C5163E /* JVLeftDrawerTableViewController.m */ = {isa = PBXFileReference; fileEncoding = 4; lastKnownFileType = sourcecode.c.objc; path = JVLeftDrawerTableViewController.m; sourceTree = "<group>"; };
		B9E746E81A684E4000C5163E /* JVDrawerSettingsTableViewController.h */ = {isa = PBXFileReference; fileEncoding = 4; lastKnownFileType = sourcecode.c.h; path = JVDrawerSettingsTableViewController.h; sourceTree = "<group>"; };
		B9E746E91A684E4000C5163E /* JVDrawerSettingsTableViewController.m */ = {isa = PBXFileReference; fileEncoding = 4; lastKnownFileType = sourcecode.c.objc; path = JVDrawerSettingsTableViewController.m; sourceTree = "<group>"; };
		B9E746F91A68959100C5163E /* JVLeftDrawerTableViewCell.h */ = {isa = PBXFileReference; fileEncoding = 4; lastKnownFileType = sourcecode.c.h; path = JVLeftDrawerTableViewCell.h; sourceTree = "<group>"; };
		B9E746FA1A68959100C5163E /* JVLeftDrawerTableViewCell.m */ = {isa = PBXFileReference; fileEncoding = 4; lastKnownFileType = sourcecode.c.objc; path = JVLeftDrawerTableViewCell.m; sourceTree = "<group>"; };
		F1E2F3B7D81A5D13ED695A78 /* Pods-JVFloatingDrawer.release.xcconfig */ = {isa = PBXFileReference; includeInIndex = 1; lastKnownFileType = text.xcconfig; name = "Pods-JVFloatingDrawer.release.xcconfig"; path = "Pods/Target Support Files/Pods-JVFloatingDrawer/Pods-JVFloatingDrawer.release.xcconfig"; sourceTree = "<group>"; };
/* End PBXFileReference section */

/* Begin PBXFrameworksBuildPhase section */
		2CE7E65A1A62D8470072121A /* Frameworks */ = {
			isa = PBXFrameworksBuildPhase;
			buildActionMask = 2147483647;
			files = (
				10B985A86072CDBA1045907B /* libPods-JVFloatingDrawer.a in Frameworks */,
			);
			runOnlyForDeploymentPostprocessing = 0;
		};
		2CE7E6731A62D8470072121A /* Frameworks */ = {
			isa = PBXFrameworksBuildPhase;
			buildActionMask = 2147483647;
			files = (
				9C8841BB0C583D5E61D80A4E /* libPods-JVFloatingDrawerTests.a in Frameworks */,
			);
			runOnlyForDeploymentPostprocessing = 0;
		};
/* End PBXFrameworksBuildPhase section */

/* Begin PBXGroup section */
		24A3B1CDDA31218747F3825B /* Pods */ = {
			isa = PBXGroup;
			children = (
				4253C21B91BC9E176E687842 /* Pods-JVFloatingDrawer.debug.xcconfig */,
				F1E2F3B7D81A5D13ED695A78 /* Pods-JVFloatingDrawer.release.xcconfig */,
				0B650F2DCB40F4B77A470141 /* Pods-JVFloatingDrawerTests.debug.xcconfig */,
				43B9557D1EFD5CCA2211B8B7 /* Pods-JVFloatingDrawerTests.release.xcconfig */,
			);
			name = Pods;
			sourceTree = "<group>";
		};
		2CE7E6541A62D8470072121A = {
			isa = PBXGroup;
			children = (
				B9352DDC1A6AE75A008D3B4E /* Podspec Metadata */,
				2CE7E65F1A62D8470072121A /* JVFloatingDrawer */,
				2CE7E6791A62D8480072121A /* JVFloatingDrawerTests */,
				2CE7E65E1A62D8470072121A /* Products */,
				24A3B1CDDA31218747F3825B /* Pods */,
				74A0752A6653A2C089003EF7 /* Frameworks */,
			);
			sourceTree = "<group>";
		};
		2CE7E65E1A62D8470072121A /* Products */ = {
			isa = PBXGroup;
			children = (
				2CE7E65D1A62D8470072121A /* JVFloatingDrawer.app */,
				2CE7E6761A62D8470072121A /* JVFloatingDrawerTests.xctest */,
			);
			name = Products;
			sourceTree = "<group>";
		};
		2CE7E65F1A62D8470072121A /* JVFloatingDrawer */ = {
			isa = PBXGroup;
			children = (
				2CE7E6641A62D8470072121A /* AppDelegate.h */,
				2CE7E6651A62D8470072121A /* AppDelegate.m */,
				2CE7E66A1A62D8470072121A /* Drawers.storyboard */,
				B9E746F91A68959100C5163E /* JVLeftDrawerTableViewCell.h */,
				B9E746FA1A68959100C5163E /* JVLeftDrawerTableViewCell.m */,
				B9E746E21A684DC800C5163E /* JVLeftDrawerTableViewController.h */,
				B9E746E31A684DC800C5163E /* JVLeftDrawerTableViewController.m */,
				2CE7E66D1A62D8470072121A /* Images.xcassets */,
				2CE7E69E1A636CBD0072121A /* JVGitHubViewController.h */,
				2CE7E69F1A636CBD0072121A /* JVGitHubViewController.m */,
				B9E746E81A684E4000C5163E /* JVDrawerSettingsTableViewController.h */,
				B9E746E91A684E4000C5163E /* JVDrawerSettingsTableViewController.m */,
				2CE7E66F1A62D8470072121A /* LaunchScreen.xib */,
				2CE7E6601A62D8470072121A /* Supporting Files */,
			);
			path = JVFloatingDrawer;
			sourceTree = "<group>";
		};
		2CE7E6601A62D8470072121A /* Supporting Files */ = {
			isa = PBXGroup;
			children = (
				2CE7E6611A62D8470072121A /* Info.plist */,
				2CE7E6621A62D8470072121A /* main.m */,
			);
			name = "Supporting Files";
			sourceTree = "<group>";
		};
		2CE7E6791A62D8480072121A /* JVFloatingDrawerTests */ = {
			isa = PBXGroup;
			children = (
				2CE7E67C1A62D8480072121A /* JVFloatingDrawerTests.m */,
				2CE7E67A1A62D8480072121A /* Supporting Files */,
			);
			path = JVFloatingDrawerTests;
			sourceTree = "<group>";
		};
		2CE7E67A1A62D8480072121A /* Supporting Files */ = {
			isa = PBXGroup;
			children = (
				2CE7E67B1A62D8480072121A /* Info.plist */,
			);
			name = "Supporting Files";
			sourceTree = "<group>";
		};
		74A0752A6653A2C089003EF7 /* Frameworks */ = {
			isa = PBXGroup;
			children = (
				A99CBCB0955D3152FFCA29DB /* libPods-JVFloatingDrawer.a */,
				225393A6ADE627876AF04BE1 /* libPods-JVFloatingDrawerTests.a */,
			);
			name = Frameworks;
			sourceTree = "<group>";
		};
		B9352DDC1A6AE75A008D3B4E /* Podspec Metadata */ = {
			isa = PBXGroup;
			children = (
				B9352DD61A6AE74E008D3B4E /* JVFloatingDrawer.podspec */,
				B9352DD71A6AE74E008D3B4E /* LICENSE */,
				B9352DD81A6AE74E008D3B4E /* README.md */,
			);
			name = "Podspec Metadata";
			sourceTree = "<group>";
		};
/* End PBXGroup section */

/* Begin PBXNativeTarget section */
		2CE7E65C1A62D8470072121A /* JVFloatingDrawer */ = {
			isa = PBXNativeTarget;
			buildConfigurationList = 2CE7E6801A62D8480072121A /* Build configuration list for PBXNativeTarget "JVFloatingDrawer" */;
			buildPhases = (
				5387F51B96BADF6420737642 /* Check Pods Manifest.lock */,
				2CE7E6591A62D8470072121A /* Sources */,
				2CE7E65A1A62D8470072121A /* Frameworks */,
				2CE7E65B1A62D8470072121A /* Resources */,
				783AEA0CD6B8193ECAE917EA /* Copy Pods Resources */,
			);
			buildRules = (
			);
			dependencies = (
			);
			name = JVFloatingDrawer;
			productName = JVFloatingDrawer;
			productReference = 2CE7E65D1A62D8470072121A /* JVFloatingDrawer.app */;
			productType = "com.apple.product-type.application";
		};
		2CE7E6751A62D8470072121A /* JVFloatingDrawerTests */ = {
			isa = PBXNativeTarget;
			buildConfigurationList = 2CE7E6831A62D8480072121A /* Build configuration list for PBXNativeTarget "JVFloatingDrawerTests" */;
			buildPhases = (
				011008DF7BAC9783991A0E0C /* Check Pods Manifest.lock */,
				2CE7E6721A62D8470072121A /* Sources */,
				2CE7E6731A62D8470072121A /* Frameworks */,
				2CE7E6741A62D8470072121A /* Resources */,
				34A0601F6D36FB16890F3D74 /* Copy Pods Resources */,
			);
			buildRules = (
			);
			dependencies = (
				2CE7E6781A62D8470072121A /* PBXTargetDependency */,
			);
			name = JVFloatingDrawerTests;
			productName = JVFloatingDrawerTests;
			productReference = 2CE7E6761A62D8470072121A /* JVFloatingDrawerTests.xctest */;
			productType = "com.apple.product-type.bundle.unit-test";
		};
/* End PBXNativeTarget section */

/* Begin PBXProject section */
		2CE7E6551A62D8470072121A /* Project object */ = {
			isa = PBXProject;
			attributes = {
				LastUpgradeCheck = 0610;
				ORGANIZATIONNAME = JVillella;
				TargetAttributes = {
					2CE7E65C1A62D8470072121A = {
						CreatedOnToolsVersion = 6.1.1;
					};
					2CE7E6751A62D8470072121A = {
						CreatedOnToolsVersion = 6.1.1;
						TestTargetID = 2CE7E65C1A62D8470072121A;
					};
				};
			};
			buildConfigurationList = 2CE7E6581A62D8470072121A /* Build configuration list for PBXProject "JVFloatingDrawer" */;
			compatibilityVersion = "Xcode 3.2";
			developmentRegion = English;
			hasScannedForEncodings = 0;
			knownRegions = (
				en,
				Base,
			);
			mainGroup = 2CE7E6541A62D8470072121A;
			productRefGroup = 2CE7E65E1A62D8470072121A /* Products */;
			projectDirPath = "";
			projectRoot = "";
			targets = (
				2CE7E65C1A62D8470072121A /* JVFloatingDrawer */,
				2CE7E6751A62D8470072121A /* JVFloatingDrawerTests */,
			);
		};
/* End PBXProject section */

/* Begin PBXResourcesBuildPhase section */
		2CE7E65B1A62D8470072121A /* Resources */ = {
			isa = PBXResourcesBuildPhase;
			buildActionMask = 2147483647;
			files = (
				2CE7E66C1A62D8470072121A /* Drawers.storyboard in Resources */,
				B9352DD91A6AE74E008D3B4E /* JVFloatingDrawer.podspec in Resources */,
				2CE7E6711A62D8470072121A /* LaunchScreen.xib in Resources */,
				2CE7E66E1A62D8470072121A /* Images.xcassets in Resources */,
				B9352DDA1A6AE74E008D3B4E /* LICENSE in Resources */,
			);
			runOnlyForDeploymentPostprocessing = 0;
		};
		2CE7E6741A62D8470072121A /* Resources */ = {
			isa = PBXResourcesBuildPhase;
			buildActionMask = 2147483647;
			files = (
			);
			runOnlyForDeploymentPostprocessing = 0;
		};
/* End PBXResourcesBuildPhase section */

/* Begin PBXShellScriptBuildPhase section */
		011008DF7BAC9783991A0E0C /* Check Pods Manifest.lock */ = {
			isa = PBXShellScriptBuildPhase;
			buildActionMask = 2147483647;
			files = (
			);
			inputPaths = (
			);
			name = "Check Pods Manifest.lock";
			outputPaths = (
			);
			runOnlyForDeploymentPostprocessing = 0;
			shellPath = /bin/sh;
			shellScript = "diff \"${PODS_ROOT}/../Podfile.lock\" \"${PODS_ROOT}/Manifest.lock\" > /dev/null\nif [[ $? != 0 ]] ; then\n    cat << EOM\nerror: The sandbox is not in sync with the Podfile.lock. Run 'pod install' or update your CocoaPods installation.\nEOM\n    exit 1\nfi\n";
			showEnvVarsInLog = 0;
		};
		34A0601F6D36FB16890F3D74 /* Copy Pods Resources */ = {
			isa = PBXShellScriptBuildPhase;
			buildActionMask = 2147483647;
			files = (
			);
			inputPaths = (
			);
			name = "Copy Pods Resources";
			outputPaths = (
			);
			runOnlyForDeploymentPostprocessing = 0;
			shellPath = /bin/sh;
			shellScript = "\"${SRCROOT}/Pods/Target Support Files/Pods-JVFloatingDrawerTests/Pods-JVFloatingDrawerTests-resources.sh\"\n";
			showEnvVarsInLog = 0;
		};
		5387F51B96BADF6420737642 /* Check Pods Manifest.lock */ = {
			isa = PBXShellScriptBuildPhase;
			buildActionMask = 2147483647;
			files = (
			);
			inputPaths = (
			);
			name = "Check Pods Manifest.lock";
			outputPaths = (
			);
			runOnlyForDeploymentPostprocessing = 0;
			shellPath = /bin/sh;
			shellScript = "diff \"${PODS_ROOT}/../Podfile.lock\" \"${PODS_ROOT}/Manifest.lock\" > /dev/null\nif [[ $? != 0 ]] ; then\n    cat << EOM\nerror: The sandbox is not in sync with the Podfile.lock. Run 'pod install' or update your CocoaPods installation.\nEOM\n    exit 1\nfi\n";
			showEnvVarsInLog = 0;
		};
		783AEA0CD6B8193ECAE917EA /* Copy Pods Resources */ = {
			isa = PBXShellScriptBuildPhase;
			buildActionMask = 2147483647;
			files = (
			);
			inputPaths = (
			);
			name = "Copy Pods Resources";
			outputPaths = (
			);
			runOnlyForDeploymentPostprocessing = 0;
			shellPath = /bin/sh;
			shellScript = "\"${SRCROOT}/Pods/Target Support Files/Pods-JVFloatingDrawer/Pods-JVFloatingDrawer-resources.sh\"\n";
			showEnvVarsInLog = 0;
		};
/* End PBXShellScriptBuildPhase section */

/* Begin PBXSourcesBuildPhase section */
		2CE7E6591A62D8470072121A /* Sources */ = {
			isa = PBXSourcesBuildPhase;
			buildActionMask = 2147483647;
			files = (
				2CE7E6661A62D8470072121A /* AppDelegate.m in Sources */,
				B9E746E41A684DC800C5163E /* JVLeftDrawerTableViewController.m in Sources */,
				2CE7E6631A62D8470072121A /* main.m in Sources */,
				B9352DDB1A6AE74E008D3B4E /* README.md in Sources */,
				B9E746FB1A68959100C5163E /* JVLeftDrawerTableViewCell.m in Sources */,
				B9E746EB1A684E4000C5163E /* JVDrawerSettingsTableViewController.m in Sources */,
				2CE7E6A01A636CBD0072121A /* JVGitHubViewController.m in Sources */,
			);
			runOnlyForDeploymentPostprocessing = 0;
		};
		2CE7E6721A62D8470072121A /* Sources */ = {
			isa = PBXSourcesBuildPhase;
			buildActionMask = 2147483647;
			files = (
				2CE7E67D1A62D8480072121A /* JVFloatingDrawerTests.m in Sources */,
			);
			runOnlyForDeploymentPostprocessing = 0;
		};
/* End PBXSourcesBuildPhase section */

/* Begin PBXTargetDependency section */
		2CE7E6781A62D8470072121A /* PBXTargetDependency */ = {
			isa = PBXTargetDependency;
			target = 2CE7E65C1A62D8470072121A /* JVFloatingDrawer */;
			targetProxy = 2CE7E6771A62D8470072121A /* PBXContainerItemProxy */;
		};
/* End PBXTargetDependency section */

/* Begin PBXVariantGroup section */
		2CE7E66A1A62D8470072121A /* Drawers.storyboard */ = {
			isa = PBXVariantGroup;
			children = (
				2CE7E66B1A62D8470072121A /* Base */,
			);
			name = Drawers.storyboard;
			sourceTree = "<group>";
		};
		2CE7E66F1A62D8470072121A /* LaunchScreen.xib */ = {
			isa = PBXVariantGroup;
			children = (
				2CE7E6701A62D8470072121A /* Base */,
			);
			name = LaunchScreen.xib;
			sourceTree = "<group>";
		};
/* End PBXVariantGroup section */

/* Begin XCBuildConfiguration section */
		2CE7E67E1A62D8480072121A /* Debug */ = {
			isa = XCBuildConfiguration;
			buildSettings = {
				ALWAYS_SEARCH_USER_PATHS = NO;
				CLANG_CXX_LANGUAGE_STANDARD = "gnu++0x";
				CLANG_CXX_LIBRARY = "libc++";
				CLANG_ENABLE_MODULES = YES;
				CLANG_ENABLE_OBJC_ARC = YES;
				CLANG_WARN_BOOL_CONVERSION = YES;
				CLANG_WARN_CONSTANT_CONVERSION = YES;
				CLANG_WARN_DIRECT_OBJC_ISA_USAGE = YES_ERROR;
				CLANG_WARN_EMPTY_BODY = YES;
				CLANG_WARN_ENUM_CONVERSION = YES;
				CLANG_WARN_INT_CONVERSION = YES;
				CLANG_WARN_OBJC_ROOT_CLASS = YES_ERROR;
				CLANG_WARN_UNREACHABLE_CODE = YES;
				CLANG_WARN__DUPLICATE_METHOD_MATCH = YES;
				"CODE_SIGN_IDENTITY[sdk=iphoneos*]" = "iPhone Developer";
				COPY_PHASE_STRIP = NO;
				ENABLE_STRICT_OBJC_MSGSEND = YES;
				GCC_C_LANGUAGE_STANDARD = gnu99;
				GCC_DYNAMIC_NO_PIC = NO;
				GCC_OPTIMIZATION_LEVEL = 0;
				GCC_PREPROCESSOR_DEFINITIONS = (
					"DEBUG=1",
					"$(inherited)",
				);
				GCC_SYMBOLS_PRIVATE_EXTERN = NO;
				GCC_WARN_64_TO_32_BIT_CONVERSION = YES;
				GCC_WARN_ABOUT_RETURN_TYPE = YES_ERROR;
				GCC_WARN_UNDECLARED_SELECTOR = YES;
				GCC_WARN_UNINITIALIZED_AUTOS = YES_AGGRESSIVE;
				GCC_WARN_UNUSED_FUNCTION = YES;
				GCC_WARN_UNUSED_VARIABLE = YES;
				IPHONEOS_DEPLOYMENT_TARGET = 8.1;
				MTL_ENABLE_DEBUG_INFO = YES;
				ONLY_ACTIVE_ARCH = YES;
				SDKROOT = iphoneos;
				TARGETED_DEVICE_FAMILY = "1,2";
			};
			name = Debug;
		};
		2CE7E67F1A62D8480072121A /* Release */ = {
			isa = XCBuildConfiguration;
			buildSettings = {
				ALWAYS_SEARCH_USER_PATHS = NO;
				CLANG_CXX_LANGUAGE_STANDARD = "gnu++0x";
				CLANG_CXX_LIBRARY = "libc++";
				CLANG_ENABLE_MODULES = YES;
				CLANG_ENABLE_OBJC_ARC = YES;
				CLANG_WARN_BOOL_CONVERSION = YES;
				CLANG_WARN_CONSTANT_CONVERSION = YES;
				CLANG_WARN_DIRECT_OBJC_ISA_USAGE = YES_ERROR;
				CLANG_WARN_EMPTY_BODY = YES;
				CLANG_WARN_ENUM_CONVERSION = YES;
				CLANG_WARN_INT_CONVERSION = YES;
				CLANG_WARN_OBJC_ROOT_CLASS = YES_ERROR;
				CLANG_WARN_UNREACHABLE_CODE = YES;
				CLANG_WARN__DUPLICATE_METHOD_MATCH = YES;
				"CODE_SIGN_IDENTITY[sdk=iphoneos*]" = "iPhone Developer";
				COPY_PHASE_STRIP = YES;
				ENABLE_NS_ASSERTIONS = NO;
				ENABLE_STRICT_OBJC_MSGSEND = YES;
				GCC_C_LANGUAGE_STANDARD = gnu99;
				GCC_WARN_64_TO_32_BIT_CONVERSION = YES;
				GCC_WARN_ABOUT_RETURN_TYPE = YES_ERROR;
				GCC_WARN_UNDECLARED_SELECTOR = YES;
				GCC_WARN_UNINITIALIZED_AUTOS = YES_AGGRESSIVE;
				GCC_WARN_UNUSED_FUNCTION = YES;
				GCC_WARN_UNUSED_VARIABLE = YES;
				IPHONEOS_DEPLOYMENT_TARGET = 8.1;
				MTL_ENABLE_DEBUG_INFO = NO;
				SDKROOT = iphoneos;
				TARGETED_DEVICE_FAMILY = "1,2";
				VALIDATE_PRODUCT = YES;
			};
			name = Release;
		};
		2CE7E6811A62D8480072121A /* Debug */ = {
			isa = XCBuildConfiguration;
			baseConfigurationReference = 4253C21B91BC9E176E687842 /* Pods-JVFloatingDrawer.debug.xcconfig */;
			buildSettings = {
				ASSETCATALOG_COMPILER_APPICON_NAME = AppIcon;
				INFOPLIST_FILE = JVFloatingDrawer/Info.plist;
				IPHONEOS_DEPLOYMENT_TARGET = 8.1;
				LD_RUNPATH_SEARCH_PATHS = "$(inherited) @executable_path/Frameworks";
				PRODUCT_NAME = "$(TARGET_NAME)";
			};
			name = Debug;
		};
		2CE7E6821A62D8480072121A /* Release */ = {
			isa = XCBuildConfiguration;
			baseConfigurationReference = F1E2F3B7D81A5D13ED695A78 /* Pods-JVFloatingDrawer.release.xcconfig */;
			buildSettings = {
				ASSETCATALOG_COMPILER_APPICON_NAME = AppIcon;
				INFOPLIST_FILE = JVFloatingDrawer/Info.plist;
				IPHONEOS_DEPLOYMENT_TARGET = 8.1;
				LD_RUNPATH_SEARCH_PATHS = "$(inherited) @executable_path/Frameworks";
				PRODUCT_NAME = "$(TARGET_NAME)";
			};
			name = Release;
		};
		2CE7E6841A62D8480072121A /* Debug */ = {
			isa = XCBuildConfiguration;
			baseConfigurationReference = 0B650F2DCB40F4B77A470141 /* Pods-JVFloatingDrawerTests.debug.xcconfig */;
			buildSettings = {
				BUNDLE_LOADER = "$(TEST_HOST)";
				FRAMEWORK_SEARCH_PATHS = (
					"$(SDKROOT)/Developer/Library/Frameworks",
					"$(inherited)",
				);
				GCC_PREPROCESSOR_DEFINITIONS = (
					"DEBUG=1",
					"$(inherited)",
				);
				INFOPLIST_FILE = JVFloatingDrawerTests/Info.plist;
				LD_RUNPATH_SEARCH_PATHS = "$(inherited) @executable_path/Frameworks @loader_path/Frameworks";
				PRODUCT_NAME = "$(TARGET_NAME)";
				TEST_HOST = "$(BUILT_PRODUCTS_DIR)/JVFloatingDrawer.app/JVFloatingDrawer";
			};
			name = Debug;
		};
		2CE7E6851A62D8480072121A /* Release */ = {
			isa = XCBuildConfiguration;
			baseConfigurationReference = 43B9557D1EFD5CCA2211B8B7 /* Pods-JVFloatingDrawerTests.release.xcconfig */;
			buildSettings = {
				BUNDLE_LOADER = "$(TEST_HOST)";
				FRAMEWORK_SEARCH_PATHS = (
					"$(SDKROOT)/Developer/Library/Frameworks",
					"$(inherited)",
				);
				INFOPLIST_FILE = JVFloatingDrawerTests/Info.plist;
				LD_RUNPATH_SEARCH_PATHS = "$(inherited) @executable_path/Frameworks @loader_path/Frameworks";
				PRODUCT_NAME = "$(TARGET_NAME)";
				TEST_HOST = "$(BUILT_PRODUCTS_DIR)/JVFloatingDrawer.app/JVFloatingDrawer";
			};
			name = Release;
		};
/* End XCBuildConfiguration section */

/* Begin XCConfigurationList section */
		2CE7E6581A62D8470072121A /* Build configuration list for PBXProject "JVFloatingDrawer" */ = {
			isa = XCConfigurationList;
			buildConfigurations = (
				2CE7E67E1A62D8480072121A /* Debug */,
				2CE7E67F1A62D8480072121A /* Release */,
			);
			defaultConfigurationIsVisible = 0;
			defaultConfigurationName = Release;
		};
		2CE7E6801A62D8480072121A /* Build configuration list for PBXNativeTarget "JVFloatingDrawer" */ = {
			isa = XCConfigurationList;
			buildConfigurations = (
				2CE7E6811A62D8480072121A /* Debug */,
				2CE7E6821A62D8480072121A /* Release */,
			);
			defaultConfigurationIsVisible = 0;
			defaultConfigurationName = Release;
		};
		2CE7E6831A62D8480072121A /* Build configuration list for PBXNativeTarget "JVFloatingDrawerTests" */ = {
			isa = XCConfigurationList;
			buildConfigurations = (
				2CE7E6841A62D8480072121A /* Debug */,
				2CE7E6851A62D8480072121A /* Release */,
			);
			defaultConfigurationIsVisible = 0;
			defaultConfigurationName = Release;
		};
/* End XCConfigurationList section */
	};
	rootObject = 2CE7E6551A62D8470072121A /* Project object */;
}
