// !$*UTF8*$!
{
	archiveVersion = 1;
	classes = {
	};
	objectVersion = 46;
	objects = {

/* Begin PBXBuildFile section */
		2CE7E6631A62D8470072121A /* main.m in Sources */ = {isa = PBXBuildFile; fileRef = 2CE7E6621A62D8470072121A /* main.m */; };
		2CE7E6661A62D8470072121A /* AppDelegate.m in Sources */ = {isa = PBXBuildFile; fileRef = 2CE7E6651A62D8470072121A /* AppDelegate.m */; };
		2CE7E6691A62D8470072121A /* ViewController.m in Sources */ = {isa = PBXBuildFile; fileRef = 2CE7E6681A62D8470072121A /* ViewController.m */; };
		2CE7E66C1A62D8470072121A /* Main.storyboard in Resources */ = {isa = PBXBuildFile; fileRef = 2CE7E66A1A62D8470072121A /* Main.storyboard */; };
		2CE7E66E1A62D8470072121A /* Images.xcassets in Resources */ = {isa = PBXBuildFile; fileRef = 2CE7E66D1A62D8470072121A /* Images.xcassets */; };
		2CE7E6711A62D8470072121A /* LaunchScreen.xib in Resources */ = {isa = PBXBuildFile; fileRef = 2CE7E66F1A62D8470072121A /* LaunchScreen.xib */; };
		2CE7E67D1A62D8480072121A /* JVFloatingDrawerTests.m in Sources */ = {isa = PBXBuildFile; fileRef = 2CE7E67C1A62D8480072121A /* JVFloatingDrawerTests.m */; };
		2CE7E6881A62E5A20072121A /* JVFloatingDrawerViewController.m in Sources */ = {isa = PBXBuildFile; fileRef = 2CE7E6871A62E5A20072121A /* JVFloatingDrawerViewController.m */; };
		2CE7E68B1A62ED230072121A /* JVFloatingDrawerSpringAnimator.m in Sources */ = {isa = PBXBuildFile; fileRef = 2CE7E68A1A62ED230072121A /* JVFloatingDrawerSpringAnimator.m */; };
/* End PBXBuildFile section */

/* Begin PBXContainerItemProxy section */
		2CE7E6771A62D8470072121A /* PBXContainerItemProxy */ = {
			isa = PBXContainerItemProxy;
			containerPortal = 2CE7E6551A62D8470072121A /* Project object */;
			proxyType = 1;
			remoteGlobalIDString = 2CE7E65C1A62D8470072121A;
			remoteInfo = JVFloatingDrawer;
		};
/* End PBXContainerItemProxy section */

/* Begin PBXFileReference section */
		2CE7E65D1A62D8470072121A /* JVFloatingDrawer.app */ = {isa = PBXFileReference; explicitFileType = wrapper.application; includeInIndex = 0; path = JVFloatingDrawer.app; sourceTree = BUILT_PRODUCTS_DIR; };
		2CE7E6611A62D8470072121A /* Info.plist */ = {isa = PBXFileReference; lastKnownFileType = text.plist.xml; path = Info.plist; sourceTree = "<group>"; };
		2CE7E6621A62D8470072121A /* main.m */ = {isa = PBXFileReference; lastKnownFileType = sourcecode.c.objc; path = main.m; sourceTree = "<group>"; };
		2CE7E6641A62D8470072121A /* AppDelegate.h */ = {isa = PBXFileReference; lastKnownFileType = sourcecode.c.h; path = AppDelegate.h; sourceTree = "<group>"; };
		2CE7E6651A62D8470072121A /* AppDelegate.m */ = {isa = PBXFileReference; lastKnownFileType = sourcecode.c.objc; path = AppDelegate.m; sourceTree = "<group>"; };
		2CE7E6671A62D8470072121A /* ViewController.h */ = {isa = PBXFileReference; lastKnownFileType = sourcecode.c.h; path = ViewController.h; sourceTree = "<group>"; };
		2CE7E6681A62D8470072121A /* ViewController.m */ = {isa = PBXFileReference; lastKnownFileType = sourcecode.c.objc; path = ViewController.m; sourceTree = "<group>"; };
		2CE7E66B1A62D8470072121A /* Base */ = {isa = PBXFileReference; lastKnownFileType = file.storyboard; name = Base; path = Base.lproj/Main.storyboard; sourceTree = "<group>"; };
		2CE7E66D1A62D8470072121A /* Images.xcassets */ = {isa = PBXFileReference; lastKnownFileType = folder.assetcatalog; path = Images.xcassets; sourceTree = "<group>"; };
		2CE7E6701A62D8470072121A /* Base */ = {isa = PBXFileReference; lastKnownFileType = file.xib; name = Base; path = Base.lproj/LaunchScreen.xib; sourceTree = "<group>"; };
		2CE7E6761A62D8470072121A /* JVFloatingDrawerTests.xctest */ = {isa = PBXFileReference; explicitFileType = wrapper.cfbundle; includeInIndex = 0; path = JVFloatingDrawerTests.xctest; sourceTree = BUILT_PRODUCTS_DIR; };
		2CE7E67B1A62D8480072121A /* Info.plist */ = {isa = PBXFileReference; lastKnownFileType = text.plist.xml; path = Info.plist; sourceTree = "<group>"; };
		2CE7E67C1A62D8480072121A /* JVFloatingDrawerTests.m */ = {isa = PBXFileReference; lastKnownFileType = sourcecode.c.objc; path = JVFloatingDrawerTests.m; sourceTree = "<group>"; };
		2CE7E6861A62E5A20072121A /* JVFloatingDrawerViewController.h */ = {isa = PBXFileReference; fileEncoding = 4; lastKnownFileType = sourcecode.c.h; path = JVFloatingDrawerViewController.h; sourceTree = "<group>"; };
		2CE7E6871A62E5A20072121A /* JVFloatingDrawerViewController.m */ = {isa = PBXFileReference; fileEncoding = 4; lastKnownFileType = sourcecode.c.objc; path = JVFloatingDrawerViewController.m; sourceTree = "<group>"; };
		2CE7E6891A62ED220072121A /* JVFloatingDrawerSpringAnimator.h */ = {isa = PBXFileReference; fileEncoding = 4; lastKnownFileType = sourcecode.c.h; path = JVFloatingDrawerSpringAnimator.h; sourceTree = "<group>"; };
		2CE7E68A1A62ED230072121A /* JVFloatingDrawerSpringAnimator.m */ = {isa = PBXFileReference; fileEncoding = 4; lastKnownFileType = sourcecode.c.objc; path = JVFloatingDrawerSpringAnimator.m; sourceTree = "<group>"; };
		2CE7E68C1A62F6380072121A /* JVFloatingDrawerAnimation.h */ = {isa = PBXFileReference; fileEncoding = 4; lastKnownFileType = sourcecode.c.h; path = JVFloatingDrawerAnimation.h; sourceTree = "<group>"; };
/* End PBXFileReference section */

/* Begin PBXFrameworksBuildPhase section */
		2CE7E65A1A62D8470072121A /* Frameworks */ = {
			isa = PBXFrameworksBuildPhase;
			buildActionMask = 2147483647;
			files = (
			);
			runOnlyForDeploymentPostprocessing = 0;
		};
		2CE7E6731A62D8470072121A /* Frameworks */ = {
			isa = PBXFrameworksBuildPhase;
			buildActionMask = 2147483647;
			files = (
			);
			runOnlyForDeploymentPostprocessing = 0;
		};
/* End PBXFrameworksBuildPhase section */

/* Begin PBXGroup section */
		2CE7E6541A62D8470072121A = {
			isa = PBXGroup;
			children = (
				2CE7E65F1A62D8470072121A /* JVFloatingDrawer */,
				2CE7E6791A62D8480072121A /* JVFloatingDrawerTests */,
				2CE7E65E1A62D8470072121A /* Products */,
			);
			sourceTree = "<group>";
		};
		2CE7E65E1A62D8470072121A /* Products */ = {
			isa = PBXGroup;
			children = (
				2CE7E65D1A62D8470072121A /* JVFloatingDrawer.app */,
				2CE7E6761A62D8470072121A /* JVFloatingDrawerTests.xctest */,
			);
			name = Products;
			sourceTree = "<group>";
		};
		2CE7E65F1A62D8470072121A /* JVFloatingDrawer */ = {
			isa = PBXGroup;
			children = (
				2CE7E6641A62D8470072121A /* AppDelegate.h */,
				2CE7E6651A62D8470072121A /* AppDelegate.m */,
				2CE7E6671A62D8470072121A /* ViewController.h */,
				2CE7E6681A62D8470072121A /* ViewController.m */,
				2CE7E6861A62E5A20072121A /* JVFloatingDrawerViewController.h */,
				2CE7E6871A62E5A20072121A /* JVFloatingDrawerViewController.m */,
				2CE7E6891A62ED220072121A /* JVFloatingDrawerSpringAnimator.h */,
				2CE7E68A1A62ED230072121A /* JVFloatingDrawerSpringAnimator.m */,
				2CE7E68C1A62F6380072121A /* JVFloatingDrawerAnimation.h */,
				2CE7E66A1A62D8470072121A /* Main.storyboard */,
				2CE7E66D1A62D8470072121A /* Images.xcassets */,
				2CE7E66F1A62D8470072121A /* LaunchScreen.xib */,
				2CE7E6601A62D8470072121A /* Supporting Files */,
			);
			path = JVFloatingDrawer;
			sourceTree = "<group>";
		};
		2CE7E6601A62D8470072121A /* Supporting Files */ = {
			isa = PBXGroup;
			children = (
				2CE7E6611A62D8470072121A /* Info.plist */,
				2CE7E6621A62D8470072121A /* main.m */,
			);
			name = "Supporting Files";
			sourceTree = "<group>";
		};
		2CE7E6791A62D8480072121A /* JVFloatingDrawerTests */ = {
			isa = PBXGroup;
			children = (
				2CE7E67C1A62D8480072121A /* JVFloatingDrawerTests.m */,
				2CE7E67A1A62D8480072121A /* Supporting Files */,
			);
			path = JVFloatingDrawerTests;
			sourceTree = "<group>";
		};
		2CE7E67A1A62D8480072121A /* Supporting Files */ = {
			isa = PBXGroup;
			children = (
				2CE7E67B1A62D8480072121A /* Info.plist */,
			);
			name = "Supporting Files";
			sourceTree = "<group>";
		};
/* End PBXGroup section */

/* Begin PBXNativeTarget section */
		2CE7E65C1A62D8470072121A /* JVFloatingDrawer */ = {
			isa = PBXNativeTarget;
			buildConfigurationList = 2CE7E6801A62D8480072121A /* Build configuration list for PBXNativeTarget "JVFloatingDrawer" */;
			buildPhases = (
				2CE7E6591A62D8470072121A /* Sources */,
				2CE7E65A1A62D8470072121A /* Frameworks */,
				2CE7E65B1A62D8470072121A /* Resources */,
			);
			buildRules = (
			);
			dependencies = (
			);
			name = JVFloatingDrawer;
			productName = JVFloatingDrawer;
			productReference = 2CE7E65D1A62D8470072121A /* JVFloatingDrawer.app */;
			productType = "com.apple.product-type.application";
		};
		2CE7E6751A62D8470072121A /* JVFloatingDrawerTests */ = {
			isa = PBXNativeTarget;
			buildConfigurationList = 2CE7E6831A62D8480072121A /* Build configuration list for PBXNativeTarget "JVFloatingDrawerTests" */;
			buildPhases = (
				2CE7E6721A62D8470072121A /* Sources */,
				2CE7E6731A62D8470072121A /* Frameworks */,
				2CE7E6741A62D8470072121A /* Resources */,
			);
			buildRules = (
			);
			dependencies = (
				2CE7E6781A62D8470072121A /* PBXTargetDependency */,
			);
			name = JVFloatingDrawerTests;
			productName = JVFloatingDrawerTests;
			productReference = 2CE7E6761A62D8470072121A /* JVFloatingDrawerTests.xctest */;
			productType = "com.apple.product-type.bundle.unit-test";
		};
/* End PBXNativeTarget section */

/* Begin PBXProject section */
		2CE7E6551A62D8470072121A /* Project object */ = {
			isa = PBXProject;
			attributes = {
				LastUpgradeCheck = 0610;
				ORGANIZATIONNAME = JVillella;
				TargetAttributes = {
					2CE7E65C1A62D8470072121A = {
						CreatedOnToolsVersion = 6.1.1;
					};
					2CE7E6751A62D8470072121A = {
						CreatedOnToolsVersion = 6.1.1;
						TestTargetID = 2CE7E65C1A62D8470072121A;
					};
				};
			};
			buildConfigurationList = 2CE7E6581A62D8470072121A /* Build configuration list for PBXProject "JVFloatingDrawer" */;
			compatibilityVersion = "Xcode 3.2";
			developmentRegion = English;
			hasScannedForEncodings = 0;
			knownRegions = (
				en,
				Base,
			);
			mainGroup = 2CE7E6541A62D8470072121A;
			productRefGroup = 2CE7E65E1A62D8470072121A /* Products */;
			projectDirPath = "";
			projectRoot = "";
			targets = (
				2CE7E65C1A62D8470072121A /* JVFloatingDrawer */,
				2CE7E6751A62D8470072121A /* JVFloatingDrawerTests */,
			);
		};
/* End PBXProject section */

/* Begin PBXResourcesBuildPhase section */
		2CE7E65B1A62D8470072121A /* Resources */ = {
			isa = PBXResourcesBuildPhase;
			buildActionMask = 2147483647;
			files = (
				2CE7E66C1A62D8470072121A /* Main.storyboard in Resources */,
				2CE7E6711A62D8470072121A /* LaunchScreen.xib in Resources */,
				2CE7E66E1A62D8470072121A /* Images.xcassets in Resources */,
			);
			runOnlyForDeploymentPostprocessing = 0;
		};
		2CE7E6741A62D8470072121A /* Resources */ = {
			isa = PBXResourcesBuildPhase;
			buildActionMask = 2147483647;
			files = (
			);
			runOnlyForDeploymentPostprocessing = 0;
		};
/* End PBXResourcesBuildPhase section */

/* Begin PBXSourcesBuildPhase section */
		2CE7E6591A62D8470072121A /* Sources */ = {
			isa = PBXSourcesBuildPhase;
			buildActionMask = 2147483647;
			files = (
				2CE7E6691A62D8470072121A /* ViewController.m in Sources */,
				2CE7E6661A62D8470072121A /* AppDelegate.m in Sources */,
				2CE7E68B1A62ED230072121A /* JVFloatingDrawerSpringAnimator.m in Sources */,
				2CE7E6881A62E5A20072121A /* JVFloatingDrawerViewController.m in Sources */,
				2CE7E6631A62D8470072121A /* main.m in Sources */,
			);
			runOnlyForDeploymentPostprocessing = 0;
		};
		2CE7E6721A62D8470072121A /* Sources */ = {
			isa = PBXSourcesBuildPhase;
			buildActionMask = 2147483647;
			files = (
				2CE7E67D1A62D8480072121A /* JVFloatingDrawerTests.m in Sources */,
			);
			runOnlyForDeploymentPostprocessing = 0;
		};
/* End PBXSourcesBuildPhase section */

/* Begin PBXTargetDependency section */
		2CE7E6781A62D8470072121A /* PBXTargetDependency */ = {
			isa = PBXTargetDependency;
			target = 2CE7E65C1A62D8470072121A /* JVFloatingDrawer */;
			targetProxy = 2CE7E6771A62D8470072121A /* PBXContainerItemProxy */;
		};
/* End PBXTargetDependency section */

/* Begin PBXVariantGroup section */
		2CE7E66A1A62D8470072121A /* Main.storyboard */ = {
			isa = PBXVariantGroup;
			children = (
				2CE7E66B1A62D8470072121A /* Base */,
			);
			name = Main.storyboard;
			sourceTree = "<group>";
		};
		2CE7E66F1A62D8470072121A /* LaunchScreen.xib */ = {
			isa = PBXVariantGroup;
			children = (
				2CE7E6701A62D8470072121A /* Base */,
			);
			name = LaunchScreen.xib;
			sourceTree = "<group>";
		};
/* End PBXVariantGroup section */

/* Begin XCBuildConfiguration section */
		2CE7E67E1A62D8480072121A /* Debug */ = {
			isa = XCBuildConfiguration;
			buildSettings = {
				ALWAYS_SEARCH_USER_PATHS = NO;
				CLANG_CXX_LANGUAGE_STANDARD = "gnu++0x";
				CLANG_CXX_LIBRARY = "libc++";
				CLANG_ENABLE_MODULES = YES;
				CLANG_ENABLE_OBJC_ARC = YES;
				CLANG_WARN_BOOL_CONVERSION = YES;
				CLANG_WARN_CONSTANT_CONVERSION = YES;
				CLANG_WARN_DIRECT_OBJC_ISA_USAGE = YES_ERROR;
				CLANG_WARN_EMPTY_BODY = YES;
				CLANG_WARN_ENUM_CONVERSION = YES;
				CLANG_WARN_INT_CONVERSION = YES;
				CLANG_WARN_OBJC_ROOT_CLASS = YES_ERROR;
				CLANG_WARN_UNREACHABLE_CODE = YES;
				CLANG_WARN__DUPLICATE_METHOD_MATCH = YES;
				"CODE_SIGN_IDENTITY[sdk=iphoneos*]" = "iPhone Developer";
				COPY_PHASE_STRIP = NO;
				ENABLE_STRICT_OBJC_MSGSEND = YES;
				GCC_C_LANGUAGE_STANDARD = gnu99;
				GCC_DYNAMIC_NO_PIC = NO;
				GCC_OPTIMIZATION_LEVEL = 0;
				GCC_PREPROCESSOR_DEFINITIONS = (
					"DEBUG=1",
					"$(inherited)",
				);
				GCC_SYMBOLS_PRIVATE_EXTERN = NO;
				GCC_WARN_64_TO_32_BIT_CONVERSION = YES;
				GCC_WARN_ABOUT_RETURN_TYPE = YES_ERROR;
				GCC_WARN_UNDECLARED_SELECTOR = YES;
				GCC_WARN_UNINITIALIZED_AUTOS = YES_AGGRESSIVE;
				GCC_WARN_UNUSED_FUNCTION = YES;
				GCC_WARN_UNUSED_VARIABLE = YES;
				IPHONEOS_DEPLOYMENT_TARGET = 8.1;
				MTL_ENABLE_DEBUG_INFO = YES;
				ONLY_ACTIVE_ARCH = YES;
				SDKROOT = iphoneos;
				TARGETED_DEVICE_FAMILY = "1,2";
			};
			name = Debug;
		};
		2CE7E67F1A62D8480072121A /* Release */ = {
			isa = XCBuildConfiguration;
			buildSettings = {
				ALWAYS_SEARCH_USER_PATHS = NO;
				CLANG_CXX_LANGUAGE_STANDARD = "gnu++0x";
				CLANG_CXX_LIBRARY = "libc++";
				CLANG_ENABLE_MODULES = YES;
				CLANG_ENABLE_OBJC_ARC = YES;
				CLANG_WARN_BOOL_CONVERSION = YES;
				CLANG_WARN_CONSTANT_CONVERSION = YES;
				CLANG_WARN_DIRECT_OBJC_ISA_USAGE = YES_ERROR;
				CLANG_WARN_EMPTY_BODY = YES;
				CLANG_WARN_ENUM_CONVERSION = YES;
				CLANG_WARN_INT_CONVERSION = YES;
				CLANG_WARN_OBJC_ROOT_CLASS = YES_ERROR;
				CLANG_WARN_UNREACHABLE_CODE = YES;
				CLANG_WARN__DUPLICATE_METHOD_MATCH = YES;
				"CODE_SIGN_IDENTITY[sdk=iphoneos*]" = "iPhone Developer";
				COPY_PHASE_STRIP = YES;
				ENABLE_NS_ASSERTIONS = NO;
				ENABLE_STRICT_OBJC_MSGSEND = YES;
				GCC_C_LANGUAGE_STANDARD = gnu99;
				GCC_WARN_64_TO_32_BIT_CONVERSION = YES;
				GCC_WARN_ABOUT_RETURN_TYPE = YES_ERROR;
				GCC_WARN_UNDECLARED_SELECTOR = YES;
				GCC_WARN_UNINITIALIZED_AUTOS = YES_AGGRESSIVE;
				GCC_WARN_UNUSED_FUNCTION = YES;
				GCC_WARN_UNUSED_VARIABLE = YES;
				IPHONEOS_DEPLOYMENT_TARGET = 8.1;
				MTL_ENABLE_DEBUG_INFO = NO;
				SDKROOT = iphoneos;
				TARGETED_DEVICE_FAMILY = "1,2";
				VALIDATE_PRODUCT = YES;
			};
			name = Release;
		};
		2CE7E6811A62D8480072121A /* Debug */ = {
			isa = XCBuildConfiguration;
			buildSettings = {
				ASSETCATALOG_COMPILER_APPICON_NAME = AppIcon;
				INFOPLIST_FILE = JVFloatingDrawer/Info.plist;
				LD_RUNPATH_SEARCH_PATHS = "$(inherited) @executable_path/Frameworks";
				PRODUCT_NAME = "$(TARGET_NAME)";
			};
			name = Debug;
		};
		2CE7E6821A62D8480072121A /* Release */ = {
			isa = XCBuildConfiguration;
			buildSettings = {
				ASSETCATALOG_COMPILER_APPICON_NAME = AppIcon;
				INFOPLIST_FILE = JVFloatingDrawer/Info.plist;
				LD_RUNPATH_SEARCH_PATHS = "$(inherited) @executable_path/Frameworks";
				PRODUCT_NAME = "$(TARGET_NAME)";
			};
			name = Release;
		};
		2CE7E6841A62D8480072121A /* Debug */ = {
			isa = XCBuildConfiguration;
			buildSettings = {
				BUNDLE_LOADER = "$(TEST_HOST)";
				FRAMEWORK_SEARCH_PATHS = (
					"$(SDKROOT)/Developer/Library/Frameworks",
					"$(inherited)",
				);
				GCC_PREPROCESSOR_DEFINITIONS = (
					"DEBUG=1",
					"$(inherited)",
				);
				INFOPLIST_FILE = JVFloatingDrawerTests/Info.plist;
				LD_RUNPATH_SEARCH_PATHS = "$(inherited) @executable_path/Frameworks @loader_path/Frameworks";
				PRODUCT_NAME = "$(TARGET_NAME)";
				TEST_HOST = "$(BUILT_PRODUCTS_DIR)/JVFloatingDrawer.app/JVFloatingDrawer";
			};
			name = Debug;
		};
		2CE7E6851A62D8480072121A /* Release */ = {
			isa = XCBuildConfiguration;
			buildSettings = {
				BUNDLE_LOADER = "$(TEST_HOST)";
				FRAMEWORK_SEARCH_PATHS = (
					"$(SDKROOT)/Developer/Library/Frameworks",
					"$(inherited)",
				);
				INFOPLIST_FILE = JVFloatingDrawerTests/Info.plist;
				LD_RUNPATH_SEARCH_PATHS = "$(inherited) @executable_path/Frameworks @loader_path/Frameworks";
				PRODUCT_NAME = "$(TARGET_NAME)";
				TEST_HOST = "$(BUILT_PRODUCTS_DIR)/JVFloatingDrawer.app/JVFloatingDrawer";
			};
			name = Release;
		};
/* End XCBuildConfiguration section */

/* Begin XCConfigurationList section */
		2CE7E6581A62D8470072121A /* Build configuration list for PBXProject "JVFloatingDrawer" */ = {
			isa = XCConfigurationList;
			buildConfigurations = (
				2CE7E67E1A62D8480072121A /* Debug */,
				2CE7E67F1A62D8480072121A /* Release */,
			);
			defaultConfigurationIsVisible = 0;
			defaultConfigurationName = Release;
		};
		2CE7E6801A62D8480072121A /* Build configuration list for PBXNativeTarget "JVFloatingDrawer" */ = {
			isa = XCConfigurationList;
			buildConfigurations = (
				2CE7E6811A62D8480072121A /* Debug */,
				2CE7E6821A62D8480072121A /* Release */,
			);
			defaultConfigurationIsVisible = 0;
			defaultConfigurationName = Release;
		};
		2CE7E6831A62D8480072121A /* Build configuration list for PBXNativeTarget "JVFloatingDrawerTests" */ = {
			isa = XCConfigurationList;
			buildConfigurations = (
				2CE7E6841A62D8480072121A /* Debug */,
				2CE7E6851A62D8480072121A /* Release */,
			);
			defaultConfigurationIsVisible = 0;
			defaultConfigurationName = Release;
		};
/* End XCConfigurationList section */
	};
	rootObject = 2CE7E6551A62D8470072121A /* Project object */;
}
